# This file is autogenerated, do not edit; changes may be undone by the next 'dep ensure'.


[[projects]]
  digest = "1:51d3c70fce5f054c5934988892eae7d660f421cf00394302192e3fd5a1565131"
  name = "github.com/francoispqt/gojay"
  packages = ["."]
  pruneopts = "UT"
  revision = "f5587822347e46494d4d53e918709c4db4ec2de2"
  version = "1.2.4"

[solve-meta]
  analyzer-name = "dep"
  analyzer-version = 1
  input-imports = ["github.com/francoispqt/gojay"]
  solver-name = "gps-cdcl"
  solver-version = 1
